{
  "version": 4,
  "terraform_version": "1.11.2",
  "serial": 10,
  "lineage": "a19172de-1f39-ecf3-fe7a-b480d18827fe",
  "outputs": {
    "app_service_url": {
      "value": null,
      "type": "string"
    }
  },
  "resources": [
    {
      "mode": "managed",
      "type": "azurerm_app_service_plan",
      "name": "useless-resource",
      "provider": "provider[\"registry.terraform.io/hashicorp/azurerm\"]",
      "instances": [
        {
          "schema_version": 1,
          "attributes": {
            "app_service_environment_id": "",
            "id": "/subscriptions/bd9584ad-b258-46dd-952b-da11db560ab9/resourceGroups/rg-useless-api/providers/Microsoft.Web/serverFarms/useless-plan",
            "is_xenon": false,
            "kind": "App",
            "location": "westus",
            "maximum_elastic_worker_count": 1,
            "maximum_number_of_workers": 1,
            "name": "useless-plan",
            "per_site_scaling": false,
            "reserved": false,
            "resource_group_name": "rg-useless-api",
            "sku": [
              {
                "capacity": 0,
                "size": "F1",
                "tier": "Free"
              }
            ],
            "tags": {},
            "timeouts": null,
            "zone_redundant": false
          },
          "sensitive_attributes": [],
          "private": "eyJlMmJmYjczMC1lY2FhLTExZTYtOGY4OC0zNDM2M2JjN2M0YzAiOnsiY3JlYXRlIjozNjAwMDAwMDAwMDAwLCJkZWxldGUiOjM2MDAwMDAwMDAwMDAsInJlYWQiOjMwMDAwMDAwMDAwMCwidXBkYXRlIjozNjAwMDAwMDAwMDAwfSwic2NoZW1hX3ZlcnNpb24iOiIxIn0=",
          "dependencies": [
            "azurerm_resource_group.useless-resource"
          ]
        }
      ]
    },
    {
      "mode": "managed",
      "type": "azurerm_resource_group",
      "name": "useless-resource",
      "provider": "provider[\"registry.terraform.io/hashicorp/azurerm\"]",
      "instances": [
        {
          "schema_version": 0,
          "attributes": {
            "id": "/subscriptions/bd9584ad-b258-46dd-952b-da11db560ab9/resourceGroups/rg-useless-api",
            "location": "westus",
            "managed_by": "",
            "name": "rg-useless-api",
            "tags": {},
            "timeouts": null
          },
          "sensitive_attributes": [],
          "private": "eyJlMmJmYjczMC1lY2FhLTExZTYtOGY4OC0zNDM2M2JjN2M0YzAiOnsiY3JlYXRlIjo1NDAwMDAwMDAwMDAwLCJkZWxldGUiOjU0MDAwMDAwMDAwMDAsInJlYWQiOjMwMDAwMDAwMDAwMCwidXBkYXRlIjo1NDAwMDAwMDAwMDAwfX0="
        }
      ]
    }
  ],
  "check_results": null
}
