{
  "version": 4,
  "terraform_version": "1.11.2",
  "serial": 13,
  "lineage": "a19172de-1f39-ecf3-fe7a-b480d18827fe",
  "outputs": {
    "app_service_url": {
      "value": "useless-api.azurewebsites.net",
      "type": "string"
    }
  },
  "resources": [
    {
      "mode": "managed",
      "type": "azurerm_app_service",
      "name": "useless-resource",
      "provider": "provider[\"registry.terraform.io/hashicorp/azurerm\"]",
      "instances": [
        {
          "schema_version": 0,
          "attributes": {
            "app_service_plan_id": "/subscriptions/bd9584ad-b258-46dd-952b-da11db560ab9/resourceGroups/rg-useless-api/providers/Microsoft.Web/serverFarms/useless-plan",
            "app_settings": {
              "WEBSITE_NODE_DEFAULT_VERSION": "10.14"
            },
            "auth_settings": [
              {
                "active_directory": [],
                "additional_login_params": {},
                "allowed_external_redirect_urls": [],
                "default_provider": "",
                "enabled": false,
                "facebook": [],
                "google": [],
                "issuer": "",
                "microsoft": [],
                "runtime_version": "",
                "token_refresh_extension_hours": 0,
                "token_store_enabled": false,
                "twitter": [],
                "unauthenticated_client_action": ""
              }
            ],
            "backup": [],
            "client_affinity_enabled": false,
            "client_cert_enabled": false,
            "client_cert_mode": "Required",
            "connection_string": [],
            "custom_domain_verification_id": "6AF9BFFB937F87F80CE9240655D03D4AB4608A4AE9777869141B42A616097DE9",
            "default_site_hostname": "useless-api.azurewebsites.net",
            "enabled": true,
            "https_only": false,
            "id": "/subscriptions/bd9584ad-b258-46dd-952b-da11db560ab9/resourceGroups/rg-useless-api/providers/Microsoft.Web/sites/useless-api",
            "identity": [],
            "key_vault_reference_identity_id": "SystemAssigned",
            "location": "westus",
            "logs": [
              {
                "application_logs": [
                  {
                    "azure_blob_storage": [],
                    "file_system_level": "Off"
                  }
                ],
                "detailed_error_messages_enabled": false,
                "failed_request_tracing_enabled": false,
                "http_logs": [
                  {
                    "azure_blob_storage": [],
                    "file_system": []
                  }
                ]
              }
            ],
            "name": "useless-api",
            "outbound_ip_address_list": [
              "104.40.28.42",
              "104.40.26.133",
              "104.40.25.66",
              "104.40.24.165",
              "104.40.28.133"
            ],
            "outbound_ip_addresses": "104.40.28.42,104.40.26.133,104.40.25.66,104.40.24.165,104.40.28.133",
            "possible_outbound_ip_address_list": [
              "104.40.28.42",
              "104.40.26.133",
              "104.40.25.66",
              "104.40.24.165",
              "20.66.72.36",
              "157.56.166.18",
              "104.40.4.61",
              "13.64.254.193",
              "104.40.3.15",
              "138.91.247.4",
              "20.66.76.109",
              "20.66.76.155",
              "20.66.76.159",
              "20.245.41.102",
              "20.245.43.86",
              "20.245.45.68",
              "20.245.37.73",
              "20.245.39.76",
              "168.61.5.41",
              "168.61.6.81",
              "168.62.211.62",
              "137.135.28.106",
              "104.40.28.133"
            ],
            "possible_outbound_ip_addresses": "104.40.28.42,104.40.26.133,104.40.25.66,104.40.24.165,20.66.72.36,157.56.166.18,104.40.4.61,13.64.254.193,104.40.3.15,138.91.247.4,20.66.76.109,20.66.76.155,20.66.76.159,20.245.41.102,20.245.43.86,20.245.45.68,20.245.37.73,20.245.39.76,168.61.5.41,168.61.6.81,168.62.211.62,137.135.28.106,104.40.28.133",
            "resource_group_name": "rg-useless-api",
            "site_config": [
              {
                "acr_use_managed_identity_credentials": false,
                "acr_user_managed_identity_client_id": "",
                "always_on": false,
                "app_command_line": "",
                "auto_swap_slot_name": "",
                "cors": [
                  {
                    "allowed_origins": [],
                    "support_credentials": false
                  }
                ],
                "default_documents": null,
                "dotnet_framework_version": "v6.0",
                "ftps_state": "FtpsOnly",
                "health_check_path": "",
                "http2_enabled": false,
                "ip_restriction": [],
                "java_container": "",
                "java_container_version": "",
                "java_version": "",
                "linux_fx_version": "",
                "local_mysql_enabled": false,
                "managed_pipeline_mode": "Integrated",
                "min_tls_version": "1.2",
                "number_of_workers": 1,
                "php_version": "",
                "python_version": "",
                "remote_debugging_enabled": false,
                "remote_debugging_version": "VS2022",
                "scm_ip_restriction": [],
                "scm_type": "None",
                "scm_use_main_ip_restriction": false,
                "use_32_bit_worker_process": false,
                "vnet_route_all_enabled": false,
                "websockets_enabled": false,
                "windows_fx_version": ""
              }
            ],
            "site_credential": [
              {
                "password": "P6kMxvonKheeXb4e1JRAZu24u960hG6lDipe0PfcxftQMzYcZfwKZFhoFfqC",
                "username": "$useless-api"
              }
            ],
            "source_control": [
              {
                "branch": "main",
                "manual_integration": false,
                "repo_url": "",
                "rollback_enabled": false,
                "use_mercurial": false
              }
            ],
            "storage_account": [],
            "tags": null,
            "timeouts": null
          },
          "sensitive_attributes": [],
          "private": "eyJlMmJmYjczMC1lY2FhLTExZTYtOGY4OC0zNDM2M2JjN2M0YzAiOnsiY3JlYXRlIjoxODAwMDAwMDAwMDAwLCJkZWxldGUiOjE4MDAwMDAwMDAwMDAsInJlYWQiOjMwMDAwMDAwMDAwMCwidXBkYXRlIjoxODAwMDAwMDAwMDAwfX0=",
          "dependencies": [
            "azurerm_app_service_plan.useless-resource",
            "azurerm_resource_group.useless-resource"
          ]
        }
      ]
    },
    {
      "mode": "managed",
      "type": "azurerm_app_service_plan",
      "name": "useless-resource",
      "provider": "provider[\"registry.terraform.io/hashicorp/azurerm\"]",
      "instances": [
        {
          "schema_version": 1,
          "attributes": {
            "app_service_environment_id": "",
            "id": "/subscriptions/bd9584ad-b258-46dd-952b-da11db560ab9/resourceGroups/rg-useless-api/providers/Microsoft.Web/serverFarms/useless-plan",
            "is_xenon": false,
            "kind": "App",
            "location": "westus",
            "maximum_elastic_worker_count": 1,
            "maximum_number_of_workers": 3,
            "name": "useless-plan",
            "per_site_scaling": false,
            "reserved": false,
            "resource_group_name": "rg-useless-api",
            "sku": [
              {
                "capacity": 1,
                "size": "B1",
                "tier": "Basic"
              }
            ],
            "tags": {},
            "timeouts": null,
            "zone_redundant": false
          },
          "sensitive_attributes": [],
          "private": "eyJlMmJmYjczMC1lY2FhLTExZTYtOGY4OC0zNDM2M2JjN2M0YzAiOnsiY3JlYXRlIjozNjAwMDAwMDAwMDAwLCJkZWxldGUiOjM2MDAwMDAwMDAwMDAsInJlYWQiOjMwMDAwMDAwMDAwMCwidXBkYXRlIjozNjAwMDAwMDAwMDAwfSwic2NoZW1hX3ZlcnNpb24iOiIxIn0=",
          "dependencies": [
            "azurerm_resource_group.useless-resource"
          ]
        }
      ]
    },
    {
      "mode": "managed",
      "type": "azurerm_resource_group",
      "name": "useless-resource",
      "provider": "provider[\"registry.terraform.io/hashicorp/azurerm\"]",
      "instances": [
        {
          "schema_version": 0,
          "attributes": {
            "id": "/subscriptions/bd9584ad-b258-46dd-952b-da11db560ab9/resourceGroups/rg-useless-api",
            "location": "westus",
            "managed_by": "",
            "name": "rg-useless-api",
            "tags": {},
            "timeouts": null
          },
          "sensitive_attributes": [],
          "private": "eyJlMmJmYjczMC1lY2FhLTExZTYtOGY4OC0zNDM2M2JjN2M0YzAiOnsiY3JlYXRlIjo1NDAwMDAwMDAwMDAwLCJkZWxldGUiOjU0MDAwMDAwMDAwMDAsInJlYWQiOjMwMDAwMDAwMDAwMCwidXBkYXRlIjo1NDAwMDAwMDAwMDAwfX0="
        }
      ]
    }
  ],
  "check_results": null
}
